
Microsoft Visual Studio Solution File, Format Version 12.00
# Visual Studio Version 17
VisualStudioVersion = 17.6.33829.357
MinimumVisualStudioVersion = 10.0.40219.1
Project("{9A19103F-16F7-4668-BE54-9A1E7A4F7556}") = "SelectWithoutWhereDetection", "SelectWithoutWhereDetection\SelectWithoutWhereDetection.csproj", "{5EDA3BC9-A5B9-41EF-90B3-23DC39C61EC2}"
EndProject
Project("{9A19103F-16F7-4668-BE54-9A1E7A4F7556}") = "CheckNugetPackages", "CheckNugetPackages\CheckNugetPackages.csproj", "{4153530C-5706-4211-ABDC-6DC9C0932E5B}"
EndProject
Project("{9A19103F-16F7-4668-BE54-9A1E7A4F7556}") = "CheckNpmPackages", "CheckNpmPackages\CheckNpmPackages.csproj", "{15956D04-86DB-4F42-8385-39521798F14D}"
EndProject
Project("{2150E333-8FDC-42A3-9474-1A3956D46DE8}") = "CheckDependencies", "CheckDependencies", "{7577E767-6637-4A97-8FBC-DE1F8053A2E8}"
EndProject
Project("{9A19103F-16F7-4668-BE54-9A1E7A4F7556}") = "CheckNugetPackages.DotNetCliTool", "CheckNugetPackages.DotNetCliTool\CheckNugetPackages.DotNetCliTool.csproj", "{FB13B063-1915-4C6F-AA7C-072A7AC829E3}"
EndProject
Project("{2150E333-8FDC-42A3-9474-1A3956D46DE8}") = "EntityFrameworkCoreTips", "EntityFrameworkCoreTips", "{3E1B7061-27FB-4F6A-9603-413641676FBB}"
EndProject
Project("{9A19103F-16F7-4668-BE54-9A1E7A4F7556}") = "EfCoreVsDapper", "EfCoreVsDapper\EfCoreVsDapper.csproj", "{F3D48AA3-624E-4F3A-A740-4A6D9F2D600E}"
EndProject
Project("{9A19103F-16F7-4668-BE54-9A1E7A4F7556}") = "DotNetCliTool.Template", "DotNetCliTool.Template\DotNetCliTool.Template.csproj", "{314EF1BC-191A-49DF-AD8D-4BB43CB98C8E}"
EndProject
Project("{9A19103F-16F7-4668-BE54-9A1E7A4F7556}") = "CheckNpmPackages.DotNetCliTool", "CheckNpmPackages.DotNetCliTool\CheckNpmPackages.DotNetCliTool.csproj", "{D473E5DC-192E-41C1-8F2D-E27EBE9258BB}"
EndProject
Project("{FAE04EC0-301F-11D3-BF4B-00C04F79EFBC}") = "EfCoreCompiledModels", "EfCoreCompiledModels\EfCoreCompiledModels.csproj", "{ABD942B6-2F3C-4E26-86C6-11C75A883FAF}"
EndProject
Global
	GlobalSection(SolutionConfigurationPlatforms) = preSolution
		Debug|Any CPU = Debug|Any CPU
		Release|Any CPU = Release|Any CPU
	EndGlobalSection
	GlobalSection(ProjectConfigurationPlatforms) = postSolution
		{5EDA3BC9-A5B9-41EF-90B3-23DC39C61EC2}.Debug|Any CPU.ActiveCfg = Debug|Any CPU
		{5EDA3BC9-A5B9-41EF-90B3-23DC39C61EC2}.Debug|Any CPU.Build.0 = Debug|Any CPU
		{5EDA3BC9-A5B9-41EF-90B3-23DC39C61EC2}.Release|Any CPU.ActiveCfg = Release|Any CPU
		{5EDA3BC9-A5B9-41EF-90B3-23DC39C61EC2}.Release|Any CPU.Build.0 = Release|Any CPU
		{4153530C-5706-4211-ABDC-6DC9C0932E5B}.Debug|Any CPU.ActiveCfg = Debug|Any CPU
		{4153530C-5706-4211-ABDC-6DC9C0932E5B}.Debug|Any CPU.Build.0 = Debug|Any CPU
		{4153530C-5706-4211-ABDC-6DC9C0932E5B}.Release|Any CPU.ActiveCfg = Release|Any CPU
		{4153530C-5706-4211-ABDC-6DC9C0932E5B}.Release|Any CPU.Build.0 = Release|Any CPU
		{15956D04-86DB-4F42-8385-39521798F14D}.Debug|Any CPU.ActiveCfg = Debug|Any CPU
		{15956D04-86DB-4F42-8385-39521798F14D}.Debug|Any CPU.Build.0 = Debug|Any CPU
		{15956D04-86DB-4F42-8385-39521798F14D}.Release|Any CPU.ActiveCfg = Release|Any CPU
		{15956D04-86DB-4F42-8385-39521798F14D}.Release|Any CPU.Build.0 = Release|Any CPU
		{FB13B063-1915-4C6F-AA7C-072A7AC829E3}.Debug|Any CPU.ActiveCfg = Debug|Any CPU
		{FB13B063-1915-4C6F-AA7C-072A7AC829E3}.Debug|Any CPU.Build.0 = Debug|Any CPU
		{FB13B063-1915-4C6F-AA7C-072A7AC829E3}.Release|Any CPU.ActiveCfg = Release|Any CPU
		{FB13B063-1915-4C6F-AA7C-072A7AC829E3}.Release|Any CPU.Build.0 = Release|Any CPU
		{F3D48AA3-624E-4F3A-A740-4A6D9F2D600E}.Debug|Any CPU.ActiveCfg = Debug|Any CPU
		{F3D48AA3-624E-4F3A-A740-4A6D9F2D600E}.Debug|Any CPU.Build.0 = Debug|Any CPU
		{F3D48AA3-624E-4F3A-A740-4A6D9F2D600E}.Release|Any CPU.ActiveCfg = Release|Any CPU
		{F3D48AA3-624E-4F3A-A740-4A6D9F2D600E}.Release|Any CPU.Build.0 = Release|Any CPU
		{314EF1BC-191A-49DF-AD8D-4BB43CB98C8E}.Debug|Any CPU.ActiveCfg = Debug|Any CPU
		{314EF1BC-191A-49DF-AD8D-4BB43CB98C8E}.Debug|Any CPU.Build.0 = Debug|Any CPU
		{314EF1BC-191A-49DF-AD8D-4BB43CB98C8E}.Release|Any CPU.ActiveCfg = Release|Any CPU
		{314EF1BC-191A-49DF-AD8D-4BB43CB98C8E}.Release|Any CPU.Build.0 = Release|Any CPU
		{D473E5DC-192E-41C1-8F2D-E27EBE9258BB}.Debug|Any CPU.ActiveCfg = Debug|Any CPU
		{D473E5DC-192E-41C1-8F2D-E27EBE9258BB}.Debug|Any CPU.Build.0 = Debug|Any CPU
		{D473E5DC-192E-41C1-8F2D-E27EBE9258BB}.Release|Any CPU.ActiveCfg = Release|Any CPU
		{D473E5DC-192E-41C1-8F2D-E27EBE9258BB}.Release|Any CPU.Build.0 = Release|Any CPU
		{ABD942B6-2F3C-4E26-86C6-11C75A883FAF}.Debug|Any CPU.ActiveCfg = Debug|Any CPU
		{ABD942B6-2F3C-4E26-86C6-11C75A883FAF}.Debug|Any CPU.Build.0 = Debug|Any CPU
		{ABD942B6-2F3C-4E26-86C6-11C75A883FAF}.Release|Any CPU.ActiveCfg = Release|Any CPU
		{ABD942B6-2F3C-4E26-86C6-11C75A883FAF}.Release|Any CPU.Build.0 = Release|Any CPU
	EndGlobalSection
	GlobalSection(SolutionProperties) = preSolution
		HideSolutionNode = FALSE
	EndGlobalSection
	GlobalSection(NestedProjects) = preSolution
		{5EDA3BC9-A5B9-41EF-90B3-23DC39C61EC2} = {3E1B7061-27FB-4F6A-9603-413641676FBB}
		{4153530C-5706-4211-ABDC-6DC9C0932E5B} = {7577E767-6637-4A97-8FBC-DE1F8053A2E8}
		{15956D04-86DB-4F42-8385-39521798F14D} = {7577E767-6637-4A97-8FBC-DE1F8053A2E8}
		{FB13B063-1915-4C6F-AA7C-072A7AC829E3} = {7577E767-6637-4A97-8FBC-DE1F8053A2E8}
		{F3D48AA3-624E-4F3A-A740-4A6D9F2D600E} = {3E1B7061-27FB-4F6A-9603-413641676FBB}
		{314EF1BC-191A-49DF-AD8D-4BB43CB98C8E} = {7577E767-6637-4A97-8FBC-DE1F8053A2E8}
		{D473E5DC-192E-41C1-8F2D-E27EBE9258BB} = {7577E767-6637-4A97-8FBC-DE1F8053A2E8}
		{ABD942B6-2F3C-4E26-86C6-11C75A883FAF} = {3E1B7061-27FB-4F6A-9603-413641676FBB}
	EndGlobalSection
	GlobalSection(ExtensibilityGlobals) = postSolution
		SolutionGuid = {C2C7166C-6422-43BA-8EED-ED72DB26DE96}
	EndGlobalSection
EndGlobal
